Microsoft Visual Studio Solution File, Format Version 12.00
# Visual Studio Version 17
VisualStudioVersion = 17.12.35506.116
MinimumVisualStudioVersion = 10.0.40219.1
Project("{FAE04EC0-301F-11D3-BF4B-00C04F79EFBC}") = "Bolonha.Auctions.AppHost", "Bolonha.Auctions.AppHost\Bolonha.Auctions.AppHost.csproj", "{6B82024B-B4C3-46B7-BE88-A1E0818B9158}"
EndProject
Project("{FAE04EC0-301F-11D3-BF4B-00C04F79EFBC}") = "Bolonha.Auctions.ServiceDefaults", "Bolonha.Auctions.ServiceDefaults\Bolonha.Auctions.ServiceDefaults.csproj", "{06600C1C-5D14-4A33-8BAA-D6943FDBC68A}"
EndProject
Project("{2150E333-8FDC-42A3-9474-1A3956D46DE8}") = "src", "src", "{462F5485-8657-45ED-9FBA-47C1A441AD8C}"
EndProject
Project("{2150E333-8FDC-42A3-9474-1A3956D46DE8}") = "1 - Service", "1 - Service", "{BAFAC430-65F1-46AB-830C-DC8CE0D5ACF2}"
EndProject
Project("{2150E333-8FDC-42A3-9474-1A3956D46DE8}") = "2 - Application", "2 - Application", "{4BD6D038-A0CB-4C1C-B5CB-1C6D323792F6}"
EndProject
Project("{FAE04EC0-301F-11D3-BF4B-00C04F79EFBC}") = "Bolonha.Auctions.Application", "Bolonha.Auctions.Application\Bolonha.Auctions.Application.csproj", "{72A5E888-19C8-48C8-BEFB-D83655EF1FAE}"
EndProject
Project("{2150E333-8FDC-42A3-9474-1A3956D46DE8}") = "3 - Domain", "3 - Domain", "{68F76681-5CDE-4A9B-B59F-EFD48364F195}"
EndProject
Project("{FAE04EC0-301F-11D3-BF4B-00C04F79EFBC}") = "Bolonha.Auctions.Domain", "Bolonha.Auctions.Domain\Bolonha.Auctions.Domain.csproj", "{ECE4A524-56EF-4999-8A78-66804BEC3F0B}"
EndProject
Project("{2150E333-8FDC-42A3-9474-1A3956D46DE8}") = "4 - Infrastructure", "4 - Infrastructure", "{6AD6D3E8-176C-40BD-9AB2-A4B786564917}"
EndProject
Project("{FAE04EC0-301F-11D3-BF4B-00C04F79EFBC}") = "Bolonha.Auctions.Api", "Bolonha.Auctions.Api\Bolonha.Auctions.Api.csproj", "{F7B59910-561A-4ECE-856B-838D5B9AA3BB}"
EndProject
Project("{FAE04EC0-301F-11D3-BF4B-00C04F79EFBC}") = "Bolonha.Auctions.Processor", "Bolonha.Auctions.Processor\Bolonha.Auctions.Processor.csproj", "{7891A8A5-D1A3-4D4C-AC43-85A79CD092F6}"
EndProject
Project("{2150E333-8FDC-42A3-9474-1A3956D46DE8}") = "Auction", "Auction", "{0D332B51-49DA-45B4-A7BE-054B0999D5DE}"
EndProject
Project("{FAE04EC0-301F-11D3-BF4B-00C04F79EFBC}") = "Bolonha.Auctions.Dapper.Repository", "Bolonha.Auctions.Dapper.Repository\Bolonha.Auctions.Dapper.Repository.csproj", "{2D09AFC8-7273-43A3-8F3B-1CECD6B4B863}"
EndProject
Project("{FAE04EC0-301F-11D3-BF4B-00C04F79EFBC}") = "Bolonha.Auctions.Redis.Repository", "Bolonha.Auctions.Redis.Repository\Bolonha.Auctions.Redis.Repository.csproj", "{341091C1-A00F-42AA-8E67-1FECB25BE02D}"
EndProject
Project("{2150E333-8FDC-42A3-9474-1A3956D46DE8}") = "5 - CrossCutting", "5 - CrossCutting", "{111A6403-2C50-4B6B-8F1F-728EC6AE3EB2}"
EndProject
Project("{FAE04EC0-301F-11D3-BF4B-00C04F79EFBC}") = "Bolonha.Auctions.Events", "Bolonha.Auctions.Events\Bolonha.Auctions.Events.csproj", "{2244E62E-6807-4689-B3A9-AA21B6D853AE}"
EndProject
Project("{2150E333-8FDC-42A3-9474-1A3956D46DE8}") = "Solution Items", "Solution Items", "{BB268EEF-356B-4F6D-8CB6-AAB05BAB7261}"
	ProjectSection(SolutionItems) = preProject
		.gitignore = .gitignore
	EndProjectSection
EndProject
Project("{2150E333-8FDC-42A3-9474-1A3956D46DE8}") = "Tests", "Tests", "{33E69181-2788-4A35-BC89-73ECC7B300D5}"
EndProject
Project("{FAE04EC0-301F-11D3-BF4B-00C04F79EFBC}") = "Bolonha.Auctions.Tests", "Bolonha.Auctions.Tests\Bolonha.Auctions.Tests.csproj", "{F27DB2E9-75E7-43F8-99D7-5A7D24604AFE}"
EndProject
Project("{FAE04EC0-301F-11D3-BF4B-00C04F79EFBC}") = "Bolonha.Auctions.DataBase.Migrations", "Bolonha.Auctions.DataBase.Migrations\Bolonha.Auctions.DataBase.Migrations.csproj", "{2A384F63-116F-42C6-9F44-D51E75E8D6EE}"
EndProject
Global
	GlobalSection(SolutionConfigurationPlatforms) = preSolution
		Debug|Any CPU = Debug|Any CPU
		Release|Any CPU = Release|Any CPU
	EndGlobalSection
	GlobalSection(ProjectConfigurationPlatforms) = postSolution
		{6B82024B-B4C3-46B7-BE88-A1E0818B9158}.Debug|Any CPU.ActiveCfg = Debug|Any CPU
		{6B82024B-B4C3-46B7-BE88-A1E0818B9158}.Debug|Any CPU.Build.0 = Debug|Any CPU
		{6B82024B-B4C3-46B7-BE88-A1E0818B9158}.Release|Any CPU.ActiveCfg = Release|Any CPU
		{6B82024B-B4C3-46B7-BE88-A1E0818B9158}.Release|Any CPU.Build.0 = Release|Any CPU
		{06600C1C-5D14-4A33-8BAA-D6943FDBC68A}.Debug|Any CPU.ActiveCfg = Debug|Any CPU
		{06600C1C-5D14-4A33-8BAA-D6943FDBC68A}.Debug|Any CPU.Build.0 = Debug|Any CPU
		{06600C1C-5D14-4A33-8BAA-D6943FDBC68A}.Release|Any CPU.ActiveCfg = Release|Any CPU
		{06600C1C-5D14-4A33-8BAA-D6943FDBC68A}.Release|Any CPU.Build.0 = Release|Any CPU
		{72A5E888-19C8-48C8-BEFB-D83655EF1FAE}.Debug|Any CPU.ActiveCfg = Debug|Any CPU
		{72A5E888-19C8-48C8-BEFB-D83655EF1FAE}.Debug|Any CPU.Build.0 = Debug|Any CPU
		{72A5E888-19C8-48C8-BEFB-D83655EF1FAE}.Release|Any CPU.ActiveCfg = Release|Any CPU
		{72A5E888-19C8-48C8-BEFB-D83655EF1FAE}.Release|Any CPU.Build.0 = Release|Any CPU
		{ECE4A524-56EF-4999-8A78-66804BEC3F0B}.Debug|Any CPU.ActiveCfg = Debug|Any CPU
		{ECE4A524-56EF-4999-8A78-66804BEC3F0B}.Debug|Any CPU.Build.0 = Debug|Any CPU
		{ECE4A524-56EF-4999-8A78-66804BEC3F0B}.Release|Any CPU.ActiveCfg = Release|Any CPU
		{ECE4A524-56EF-4999-8A78-66804BEC3F0B}.Release|Any CPU.Build.0 = Release|Any CPU
		{F7B59910-561A-4ECE-856B-838D5B9AA3BB}.Debug|Any CPU.ActiveCfg = Debug|Any CPU
		{F7B59910-561A-4ECE-856B-838D5B9AA3BB}.Debug|Any CPU.Build.0 = Debug|Any CPU
		{F7B59910-561A-4ECE-856B-838D5B9AA3BB}.Release|Any CPU.ActiveCfg = Release|Any CPU
		{F7B59910-561A-4ECE-856B-838D5B9AA3BB}.Release|Any CPU.Build.0 = Release|Any CPU
		{7891A8A5-D1A3-4D4C-AC43-85A79CD092F6}.Debug|Any CPU.ActiveCfg = Debug|Any CPU
		{7891A8A5-D1A3-4D4C-AC43-85A79CD092F6}.Debug|Any CPU.Build.0 = Debug|Any CPU
		{7891A8A5-D1A3-4D4C-AC43-85A79CD092F6}.Release|Any CPU.ActiveCfg = Release|Any CPU
		{7891A8A5-D1A3-4D4C-AC43-85A79CD092F6}.Release|Any CPU.Build.0 = Release|Any CPU
		{2D09AFC8-7273-43A3-8F3B-1CECD6B4B863}.Debug|Any CPU.ActiveCfg = Debug|Any CPU
		{2D09AFC8-7273-43A3-8F3B-1CECD6B4B863}.Debug|Any CPU.Build.0 = Debug|Any CPU
		{2D09AFC8-7273-43A3-8F3B-1CECD6B4B863}.Release|Any CPU.ActiveCfg = Release|Any CPU
		{2D09AFC8-7273-43A3-8F3B-1CECD6B4B863}.Release|Any CPU.Build.0 = Release|Any CPU
		{341091C1-A00F-42AA-8E67-1FECB25BE02D}.Debug|Any CPU.ActiveCfg = Debug|Any CPU
		{341091C1-A00F-42AA-8E67-1FECB25BE02D}.Debug|Any CPU.Build.0 = Debug|Any CPU
		{341091C1-A00F-42AA-8E67-1FECB25BE02D}.Release|Any CPU.ActiveCfg = Release|Any CPU
		{341091C1-A00F-42AA-8E67-1FECB25BE02D}.Release|Any CPU.Build.0 = Release|Any CPU
		{2244E62E-6807-4689-B3A9-AA21B6D853AE}.Debug|Any CPU.ActiveCfg = Debug|Any CPU
		{2244E62E-6807-4689-B3A9-AA21B6D853AE}.Debug|Any CPU.Build.0 = Debug|Any CPU
		{2244E62E-6807-4689-B3A9-AA21B6D853AE}.Release|Any CPU.ActiveCfg = Release|Any CPU
		{2244E62E-6807-4689-B3A9-AA21B6D853AE}.Release|Any CPU.Build.0 = Release|Any CPU
		{F27DB2E9-75E7-43F8-99D7-5A7D24604AFE}.Debug|Any CPU.ActiveCfg = Debug|Any CPU
		{F27DB2E9-75E7-43F8-99D7-5A7D24604AFE}.Debug|Any CPU.Build.0 = Debug|Any CPU
		{F27DB2E9-75E7-43F8-99D7-5A7D24604AFE}.Release|Any CPU.ActiveCfg = Release|Any CPU
		{F27DB2E9-75E7-43F8-99D7-5A7D24604AFE}.Release|Any CPU.Build.0 = Release|Any CPU
		{2A384F63-116F-42C6-9F44-D51E75E8D6EE}.Debug|Any CPU.ActiveCfg = Debug|Any CPU
		{2A384F63-116F-42C6-9F44-D51E75E8D6EE}.Debug|Any CPU.Build.0 = Debug|Any CPU
		{2A384F63-116F-42C6-9F44-D51E75E8D6EE}.Release|Any CPU.ActiveCfg = Release|Any CPU
		{2A384F63-116F-42C6-9F44-D51E75E8D6EE}.Release|Any CPU.Build.0 = Release|Any CPU
	EndGlobalSection
	GlobalSection(SolutionProperties) = preSolution
		HideSolutionNode = FALSE
	EndGlobalSection
	GlobalSection(NestedProjects) = preSolution
		{6B82024B-B4C3-46B7-BE88-A1E0818B9158} = {BAFAC430-65F1-46AB-830C-DC8CE0D5ACF2}
		{06600C1C-5D14-4A33-8BAA-D6943FDBC68A} = {BAFAC430-65F1-46AB-830C-DC8CE0D5ACF2}
		{BAFAC430-65F1-46AB-830C-DC8CE0D5ACF2} = {0D332B51-49DA-45B4-A7BE-054B0999D5DE}
		{4BD6D038-A0CB-4C1C-B5CB-1C6D323792F6} = {0D332B51-49DA-45B4-A7BE-054B0999D5DE}
		{72A5E888-19C8-48C8-BEFB-D83655EF1FAE} = {4BD6D038-A0CB-4C1C-B5CB-1C6D323792F6}
		{68F76681-5CDE-4A9B-B59F-EFD48364F195} = {0D332B51-49DA-45B4-A7BE-054B0999D5DE}
		{ECE4A524-56EF-4999-8A78-66804BEC3F0B} = {68F76681-5CDE-4A9B-B59F-EFD48364F195}
		{6AD6D3E8-176C-40BD-9AB2-A4B786564917} = {0D332B51-49DA-45B4-A7BE-054B0999D5DE}
		{F7B59910-561A-4ECE-856B-838D5B9AA3BB} = {BAFAC430-65F1-46AB-830C-DC8CE0D5ACF2}
		{7891A8A5-D1A3-4D4C-AC43-85A79CD092F6} = {BAFAC430-65F1-46AB-830C-DC8CE0D5ACF2}
		{0D332B51-49DA-45B4-A7BE-054B0999D5DE} = {462F5485-8657-45ED-9FBA-47C1A441AD8C}
		{2D09AFC8-7273-43A3-8F3B-1CECD6B4B863} = {6AD6D3E8-176C-40BD-9AB2-A4B786564917}
		{341091C1-A00F-42AA-8E67-1FECB25BE02D} = {6AD6D3E8-176C-40BD-9AB2-A4B786564917}
		{111A6403-2C50-4B6B-8F1F-728EC6AE3EB2} = {0D332B51-49DA-45B4-A7BE-054B0999D5DE}
		{2244E62E-6807-4689-B3A9-AA21B6D853AE} = {111A6403-2C50-4B6B-8F1F-728EC6AE3EB2}
		{33E69181-2788-4A35-BC89-73ECC7B300D5} = {462F5485-8657-45ED-9FBA-47C1A441AD8C}
		{F27DB2E9-75E7-43F8-99D7-5A7D24604AFE} = {33E69181-2788-4A35-BC89-73ECC7B300D5}
		{2A384F63-116F-42C6-9F44-D51E75E8D6EE} = {6AD6D3E8-176C-40BD-9AB2-A4B786564917}
	EndGlobalSection
EndGlobal
